
Microsoft Visual Studio Solution File, Format Version 12.00
# Visual Studio Version 17
VisualStudioVersion = 17.8.34330.188
MinimumVisualStudioVersion = 10.0.40219.1
Project("{9A19103F-16F7-4668-BE54-9A1E7A4F7556}") = "Api", "..\Api\Api.csproj", "{AE231B54-3306-4E0C-8A68-7AC8E8F7D595}"
EndProject
Project("{9A19103F-16F7-4668-BE54-9A1E7A4F7556}") = "Domain", "..\Domain\Domain.csproj", "{DD125A3B-0E3F-4649-8726-1BCC1B7B5CF8}"
EndProject
Project("{9A19103F-16F7-4668-BE54-9A1E7A4F7556}") = "Infrastructure", "..\Infrastructure\Infrastructure.csproj", "{EB99C9AA-8D50-4C40-9C2F-93271FC1CA5D}"
EndProject
Project("{FAE04EC0-301F-11D3-BF4B-00C04F79EFBC}") = "LoggerService", "LoggerService\LoggerService.csproj", "{812AFA94-2F77-4E7B-9B5C-0D544CEE4A78}"
EndProject
Project("{FAE04EC0-301F-11D3-BF4B-00C04F79EFBC}") = "Entities", "Entities\Entities.csproj", "{A3220704-B7F5-4948-ADF0-FF9C41CDC307}"
EndProject
Global
	GlobalSection(SolutionConfigurationPlatforms) = preSolution
		Debug|Any CPU = Debug|Any CPU
		Release|Any CPU = Release|Any CPU
	EndGlobalSection
	GlobalSection(ProjectConfigurationPlatforms) = postSolution
		{AE231B54-3306-4E0C-8A68-7AC8E8F7D595}.Debug|Any CPU.ActiveCfg = Debug|Any CPU
		{AE231B54-3306-4E0C-8A68-7AC8E8F7D595}.Debug|Any CPU.Build.0 = Debug|Any CPU
		{AE231B54-3306-4E0C-8A68-7AC8E8F7D595}.Release|Any CPU.ActiveCfg = Release|Any CPU
		{AE231B54-3306-4E0C-8A68-7AC8E8F7D595}.Release|Any CPU.Build.0 = Release|Any CPU
		{DD125A3B-0E3F-4649-8726-1BCC1B7B5CF8}.Debug|Any CPU.ActiveCfg = Debug|Any CPU
		{DD125A3B-0E3F-4649-8726-1BCC1B7B5CF8}.Debug|Any CPU.Build.0 = Debug|Any CPU
		{DD125A3B-0E3F-4649-8726-1BCC1B7B5CF8}.Release|Any CPU.ActiveCfg = Release|Any CPU
		{DD125A3B-0E3F-4649-8726-1BCC1B7B5CF8}.Release|Any CPU.Build.0 = Release|Any CPU
		{EB99C9AA-8D50-4C40-9C2F-93271FC1CA5D}.Debug|Any CPU.ActiveCfg = Debug|Any CPU
		{EB99C9AA-8D50-4C40-9C2F-93271FC1CA5D}.Debug|Any CPU.Build.0 = Debug|Any CPU
		{EB99C9AA-8D50-4C40-9C2F-93271FC1CA5D}.Release|Any CPU.ActiveCfg = Release|Any CPU
		{EB99C9AA-8D50-4C40-9C2F-93271FC1CA5D}.Release|Any CPU.Build.0 = Release|Any CPU
		{812AFA94-2F77-4E7B-9B5C-0D544CEE4A78}.Debug|Any CPU.ActiveCfg = Debug|Any CPU
		{812AFA94-2F77-4E7B-9B5C-0D544CEE4A78}.Debug|Any CPU.Build.0 = Debug|Any CPU
		{812AFA94-2F77-4E7B-9B5C-0D544CEE4A78}.Release|Any CPU.ActiveCfg = Release|Any CPU
		{812AFA94-2F77-4E7B-9B5C-0D544CEE4A78}.Release|Any CPU.Build.0 = Release|Any CPU
		{A3220704-B7F5-4948-ADF0-FF9C41CDC307}.Debug|Any CPU.ActiveCfg = Debug|Any CPU
		{A3220704-B7F5-4948-ADF0-FF9C41CDC307}.Debug|Any CPU.Build.0 = Debug|Any CPU
		{A3220704-B7F5-4948-ADF0-FF9C41CDC307}.Release|Any CPU.ActiveCfg = Release|Any CPU
		{A3220704-B7F5-4948-ADF0-FF9C41CDC307}.Release|Any CPU.Build.0 = Release|Any CPU
	EndGlobalSection
	GlobalSection(SolutionProperties) = preSolution
		HideSolutionNode = FALSE
	EndGlobalSection
	GlobalSection(ExtensibilityGlobals) = postSolution
		SolutionGuid = {3CDC19D5-F581-4382-9F3E-FD2744A9D735}
	EndGlobalSection
EndGlobal
