
Microsoft Visual Studio Solution File, Format Version 12.00
# Visual Studio Version 17
VisualStudioVersion = 17.8.34330.188
MinimumVisualStudioVersion = 10.0.40219.1
Project("{9A19103F-16F7-4668-BE54-9A1E7A4F7556}") = "Entities", "Entities\Entities.csproj", "{A3220704-B7F5-4948-ADF0-FF9C41CDC307}"
EndProject
Project("{9A19103F-16F7-4668-BE54-9A1E7A4F7556}") = "Api", "Api\Api.csproj", "{68A82623-504E-4C30-BAA8-0751B03F0B4B}"
EndProject
Project("{9A19103F-16F7-4668-BE54-9A1E7A4F7556}") = "Domain", "Domain\Domain.csproj", "{595C6247-9325-4AF0-8474-C393F1C7F131}"
EndProject
Project("{9A19103F-16F7-4668-BE54-9A1E7A4F7556}") = "Infrastructure", "Infrastructure\Infrastructure.csproj", "{AE9FDB7E-2FE9-4AD8-B13B-CCF2D53B64E8}"
EndProject
Project("{9A19103F-16F7-4668-BE54-9A1E7A4F7556}") = "LoggerService", "LoggerService\LoggerService.csproj", "{E19472B6-6D9F-4274-84BB-DBF6C0892D76}"
EndProject
Global
	GlobalSection(SolutionConfigurationPlatforms) = preSolution
		Debug|Any CPU = Debug|Any CPU
		Release|Any CPU = Release|Any CPU
	EndGlobalSection
	GlobalSection(ProjectConfigurationPlatforms) = postSolution
		{A3220704-B7F5-4948-ADF0-FF9C41CDC307}.Debug|Any CPU.ActiveCfg = Debug|Any CPU
		{A3220704-B7F5-4948-ADF0-FF9C41CDC307}.Debug|Any CPU.Build.0 = Debug|Any CPU
		{A3220704-B7F5-4948-ADF0-FF9C41CDC307}.Release|Any CPU.ActiveCfg = Release|Any CPU
		{A3220704-B7F5-4948-ADF0-FF9C41CDC307}.Release|Any CPU.Build.0 = Release|Any CPU
		{68A82623-504E-4C30-BAA8-0751B03F0B4B}.Debug|Any CPU.ActiveCfg = Debug|Any CPU
		{68A82623-504E-4C30-BAA8-0751B03F0B4B}.Debug|Any CPU.Build.0 = Debug|Any CPU
		{68A82623-504E-4C30-BAA8-0751B03F0B4B}.Release|Any CPU.ActiveCfg = Release|Any CPU
		{68A82623-504E-4C30-BAA8-0751B03F0B4B}.Release|Any CPU.Build.0 = Release|Any CPU
		{595C6247-9325-4AF0-8474-C393F1C7F131}.Debug|Any CPU.ActiveCfg = Debug|Any CPU
		{595C6247-9325-4AF0-8474-C393F1C7F131}.Debug|Any CPU.Build.0 = Debug|Any CPU
		{595C6247-9325-4AF0-8474-C393F1C7F131}.Release|Any CPU.ActiveCfg = Release|Any CPU
		{595C6247-9325-4AF0-8474-C393F1C7F131}.Release|Any CPU.Build.0 = Release|Any CPU
		{AE9FDB7E-2FE9-4AD8-B13B-CCF2D53B64E8}.Debug|Any CPU.ActiveCfg = Debug|Any CPU
		{AE9FDB7E-2FE9-4AD8-B13B-CCF2D53B64E8}.Debug|Any CPU.Build.0 = Debug|Any CPU
		{AE9FDB7E-2FE9-4AD8-B13B-CCF2D53B64E8}.Release|Any CPU.ActiveCfg = Release|Any CPU
		{AE9FDB7E-2FE9-4AD8-B13B-CCF2D53B64E8}.Release|Any CPU.Build.0 = Release|Any CPU
		{E19472B6-6D9F-4274-84BB-DBF6C0892D76}.Debug|Any CPU.ActiveCfg = Debug|Any CPU
		{E19472B6-6D9F-4274-84BB-DBF6C0892D76}.Debug|Any CPU.Build.0 = Debug|Any CPU
		{E19472B6-6D9F-4274-84BB-DBF6C0892D76}.Release|Any CPU.ActiveCfg = Release|Any CPU
		{E19472B6-6D9F-4274-84BB-DBF6C0892D76}.Release|Any CPU.Build.0 = Release|Any CPU
	EndGlobalSection
	GlobalSection(SolutionProperties) = preSolution
		HideSolutionNode = FALSE
	EndGlobalSection
	GlobalSection(ExtensibilityGlobals) = postSolution
		SolutionGuid = {3CDC19D5-F581-4382-9F3E-FD2744A9D735}
	EndGlobalSection
EndGlobal
